// !$*UTF8*$!
{
	archiveVersion = 1;
	classes = {
	};
	objectVersion = 56;
	objects = {

/* Begin PBXBuildFile section */
		F70F5117298F7C4F00485CC6 /* CategoryNewsDetailViewController.swift in Sources */ = {isa = PBXBuildFile; fileRef = F70F5116298F7C4F00485CC6 /* CategoryNewsDetailViewController.swift */; };
		F70F5119298F7C8A00485CC6 /* EverythingNewsDetailViewController.swift in Sources */ = {isa = PBXBuildFile; fileRef = F70F5118298F7C8A00485CC6 /* EverythingNewsDetailViewController.swift */; };
		F7111E02298CC1FB0025CDAB /* CategoryNewsTableViewCell.swift in Sources */ = {isa = PBXBuildFile; fileRef = F7111E00298CC1FB0025CDAB /* CategoryNewsTableViewCell.swift */; };
		F7111E03298CC1FB0025CDAB /* CategoryNewsTableViewCell.xib in Resources */ = {isa = PBXBuildFile; fileRef = F7111E01298CC1FB0025CDAB /* CategoryNewsTableViewCell.xib */; };
		F7111E05298CCB170025CDAB /* CategoryNews.swift in Sources */ = {isa = PBXBuildFile; fileRef = F7111E04298CCB170025CDAB /* CategoryNews.swift */; };
		F7111E07298CCB590025CDAB /* CategoryNewsService.swift in Sources */ = {isa = PBXBuildFile; fileRef = F7111E06298CCB590025CDAB /* CategoryNewsService.swift */; };
		F73A5419298B72CC00872AF1 /* BreakingNewsCollectionViewCell.swift in Sources */ = {isa = PBXBuildFile; fileRef = F73A5418298B72CC00872AF1 /* BreakingNewsCollectionViewCell.swift */; };
		F73A541B298B75A000872AF1 /* BreakingNewsCollectionViewCell.xib in Resources */ = {isa = PBXBuildFile; fileRef = F73A541A298B759F00872AF1 /* BreakingNewsCollectionViewCell.xib */; };
		F74C504B29914C5D0032569E /* GoogleService-Info.plist in Resources */ = {isa = PBXBuildFile; fileRef = F74C504A29914C5D0032569E /* GoogleService-Info.plist */; };
		F74D40DE298B567700ECBF41 /* AppDelegate.swift in Sources */ = {isa = PBXBuildFile; fileRef = F74D40DD298B567700ECBF41 /* AppDelegate.swift */; };
		F74D40E0298B567700ECBF41 /* SceneDelegate.swift in Sources */ = {isa = PBXBuildFile; fileRef = F74D40DF298B567700ECBF41 /* SceneDelegate.swift */; };
		F74D40E2298B567700ECBF41 /* HomeViewController.swift in Sources */ = {isa = PBXBuildFile; fileRef = F74D40E1298B567700ECBF41 /* HomeViewController.swift */; };
		F74D40E5298B567700ECBF41 /* Main.storyboard in Resources */ = {isa = PBXBuildFile; fileRef = F74D40E3298B567700ECBF41 /* Main.storyboard */; };
		F74D40E7298B567800ECBF41 /* Assets.xcassets in Resources */ = {isa = PBXBuildFile; fileRef = F74D40E6298B567800ECBF41 /* Assets.xcassets */; };
		F74D40EA298B567800ECBF41 /* LaunchScreen.storyboard in Resources */ = {isa = PBXBuildFile; fileRef = F74D40E8298B567800ECBF41 /* LaunchScreen.storyboard */; };
		F75E4A8E298BD9D0000DC7E6 /* BreakingNews.swift in Sources */ = {isa = PBXBuildFile; fileRef = F75E4A8D298BD9D0000DC7E6 /* BreakingNews.swift */; };
		F75E4A90298BDAA0000DC7E6 /* NewsService.swift in Sources */ = {isa = PBXBuildFile; fileRef = F75E4A8F298BDAA0000DC7E6 /* NewsService.swift */; };
		F75E4A92298BE8B0000DC7E6 /* SMTabbar.swift in Sources */ = {isa = PBXBuildFile; fileRef = F75E4A91298BE8B0000DC7E6 /* SMTabbar.swift */; };
		F764F7F62990DC1500B60C79 /* SignInViewController.swift in Sources */ = {isa = PBXBuildFile; fileRef = F764F7F52990DC1500B60C79 /* SignInViewController.swift */; };
		F764F7F82990DC2800B60C79 /* SignUpViewController.swift in Sources */ = {isa = PBXBuildFile; fileRef = F764F7F72990DC2800B60C79 /* SignUpViewController.swift */; };
		F76BE7EB298E84BD006EE3B8 /* ProfileViewController.swift in Sources */ = {isa = PBXBuildFile; fileRef = F76BE7EA298E84BD006EE3B8 /* ProfileViewController.swift */; };
		F76BE7ED298E84E1006EE3B8 /* BreakingNewsDetailViewController.swift in Sources */ = {isa = PBXBuildFile; fileRef = F76BE7EC298E84E1006EE3B8 /* BreakingNewsDetailViewController.swift */; };
		F78495FD2992179D009C06A3 /* Constant.swift in Sources */ = {isa = PBXBuildFile; fileRef = F78495FC2992179D009C06A3 /* Constant.swift */; };
		F7BE87732992B6FC00722FED /* BookmarkTableViewCell.swift in Sources */ = {isa = PBXBuildFile; fileRef = F7BE87712992B6FC00722FED /* BookmarkTableViewCell.swift */; };
		F7BE87742992B6FC00722FED /* BookmarkTableViewCell.xib in Resources */ = {isa = PBXBuildFile; fileRef = F7BE87722992B6FC00722FED /* BookmarkTableViewCell.xib */; };
		F7BE87782992BAAE00722FED /* BookmarkViewController.swift in Sources */ = {isa = PBXBuildFile; fileRef = F7BE87772992BAAE00722FED /* BookmarkViewController.swift */; };
		F7E8A05A2993574400A9E0C7 /* BookmarkNews.swift in Sources */ = {isa = PBXBuildFile; fileRef = F7E8A0592993574400A9E0C7 /* BookmarkNews.swift */; };
		F7FFCB53298E058E00FF5FAF /* SearchViewController.swift in Sources */ = {isa = PBXBuildFile; fileRef = F7FFCB52298E058E00FF5FAF /* SearchViewController.swift */; };
		F7FFCB55298E097B00FF5FAF /* EverythingNewsService.swift in Sources */ = {isa = PBXBuildFile; fileRef = F7FFCB54298E097B00FF5FAF /* EverythingNewsService.swift */; };
		F7FFCB57298E09EE00FF5FAF /* EverythingNews.swift in Sources */ = {isa = PBXBuildFile; fileRef = F7FFCB56298E09EE00FF5FAF /* EverythingNews.swift */; };
		F7FFCB5A298E0C7F00FF5FAF /* EverythingNewsTableViewCell.swift in Sources */ = {isa = PBXBuildFile; fileRef = F7FFCB58298E0C7F00FF5FAF /* EverythingNewsTableViewCell.swift */; };
		F7FFCB5B298E0C7F00FF5FAF /* EverythingNewsTableViewCell.xib in Resources */ = {isa = PBXBuildFile; fileRef = F7FFCB59298E0C7F00FF5FAF /* EverythingNewsTableViewCell.xib */; };
		FD1561C7DD9376D25F10B568 /* Pods_News.framework in Frameworks */ = {isa = PBXBuildFile; fileRef = 22D07B9A7E8807ACD3DEF968 /* Pods_News.framework */; };
/* End PBXBuildFile section */

/* Begin PBXFileReference section */
		154B271EA6236003FA8F8FA1 /* Pods-News.debug.xcconfig */ = {isa = PBXFileReference; includeInIndex = 1; lastKnownFileType = text.xcconfig; name = "Pods-News.debug.xcconfig"; path = "Target Support Files/Pods-News/Pods-News.debug.xcconfig"; sourceTree = "<group>"; };
		22D07B9A7E8807ACD3DEF968 /* Pods_News.framework */ = {isa = PBXFileReference; explicitFileType = wrapper.framework; includeInIndex = 0; path = Pods_News.framework; sourceTree = BUILT_PRODUCTS_DIR; };
		EF4A7BA18DFFAF6419E8DAF2 /* Pods-News.release.xcconfig */ = {isa = PBXFileReference; includeInIndex = 1; lastKnownFileType = text.xcconfig; name = "Pods-News.release.xcconfig"; path = "Target Support Files/Pods-News/Pods-News.release.xcconfig"; sourceTree = "<group>"; };
		F70F5116298F7C4F00485CC6 /* CategoryNewsDetailViewController.swift */ = {isa = PBXFileReference; lastKnownFileType = sourcecode.swift; path = CategoryNewsDetailViewController.swift; sourceTree = "<group>"; };
		F70F5118298F7C8A00485CC6 /* EverythingNewsDetailViewController.swift */ = {isa = PBXFileReference; lastKnownFileType = sourcecode.swift; path = EverythingNewsDetailViewController.swift; sourceTree = "<group>"; };
		F7111E00298CC1FB0025CDAB /* CategoryNewsTableViewCell.swift */ = {isa = PBXFileReference; lastKnownFileType = sourcecode.swift; path = CategoryNewsTableViewCell.swift; sourceTree = "<group>"; };
		F7111E01298CC1FB0025CDAB /* CategoryNewsTableViewCell.xib */ = {isa = PBXFileReference; lastKnownFileType = file.xib; path = CategoryNewsTableViewCell.xib; sourceTree = "<group>"; };
		F7111E04298CCB170025CDAB /* CategoryNews.swift */ = {isa = PBXFileReference; lastKnownFileType = sourcecode.swift; path = CategoryNews.swift; sourceTree = "<group>"; };
		F7111E06298CCB590025CDAB /* CategoryNewsService.swift */ = {isa = PBXFileReference; lastKnownFileType = sourcecode.swift; path = CategoryNewsService.swift; sourceTree = "<group>"; };
		F73A5418298B72CC00872AF1 /* BreakingNewsCollectionViewCell.swift */ = {isa = PBXFileReference; lastKnownFileType = sourcecode.swift; path = BreakingNewsCollectionViewCell.swift; sourceTree = "<group>"; };
		F73A541A298B759F00872AF1 /* BreakingNewsCollectionViewCell.xib */ = {isa = PBXFileReference; lastKnownFileType = file.xib; path = BreakingNewsCollectionViewCell.xib; sourceTree = "<group>"; };
		F74C504A29914C5D0032569E /* GoogleService-Info.plist */ = {isa = PBXFileReference; fileEncoding = 4; lastKnownFileType = text.plist.xml; path = "GoogleService-Info.plist"; sourceTree = "<group>"; };
		F74D40DA298B567700ECBF41 /* News.app */ = {isa = PBXFileReference; explicitFileType = wrapper.application; includeInIndex = 0; path = News.app; sourceTree = BUILT_PRODUCTS_DIR; };
		F74D40DD298B567700ECBF41 /* AppDelegate.swift */ = {isa = PBXFileReference; lastKnownFileType = sourcecode.swift; path = AppDelegate.swift; sourceTree = "<group>"; };
		F74D40DF298B567700ECBF41 /* SceneDelegate.swift */ = {isa = PBXFileReference; lastKnownFileType = sourcecode.swift; path = SceneDelegate.swift; sourceTree = "<group>"; };
		F74D40E1298B567700ECBF41 /* HomeViewController.swift */ = {isa = PBXFileReference; lastKnownFileType = sourcecode.swift; path = HomeViewController.swift; sourceTree = "<group>"; };
		F74D40E4298B567700ECBF41 /* Base */ = {isa = PBXFileReference; lastKnownFileType = file.storyboard; name = Base; path = Base.lproj/Main.storyboard; sourceTree = "<group>"; };
		F74D40E6298B567800ECBF41 /* Assets.xcassets */ = {isa = PBXFileReference; lastKnownFileType = folder.assetcatalog; path = Assets.xcassets; sourceTree = "<group>"; };
		F74D40E9298B567800ECBF41 /* Base */ = {isa = PBXFileReference; lastKnownFileType = file.storyboard; name = Base; path = Base.lproj/LaunchScreen.storyboard; sourceTree = "<group>"; };
		F74D40EB298B567800ECBF41 /* Info.plist */ = {isa = PBXFileReference; lastKnownFileType = text.plist.xml; path = Info.plist; sourceTree = "<group>"; };
		F75E4A8D298BD9D0000DC7E6 /* BreakingNews.swift */ = {isa = PBXFileReference; lastKnownFileType = sourcecode.swift; path = BreakingNews.swift; sourceTree = "<group>"; };
		F75E4A8F298BDAA0000DC7E6 /* NewsService.swift */ = {isa = PBXFileReference; lastKnownFileType = sourcecode.swift; path = NewsService.swift; sourceTree = "<group>"; };
		F75E4A91298BE8B0000DC7E6 /* SMTabbar.swift */ = {isa = PBXFileReference; fileEncoding = 4; lastKnownFileType = sourcecode.swift; path = SMTabbar.swift; sourceTree = "<group>"; };
		F764F7F52990DC1500B60C79 /* SignInViewController.swift */ = {isa = PBXFileReference; lastKnownFileType = sourcecode.swift; path = SignInViewController.swift; sourceTree = "<group>"; };
		F764F7F72990DC2800B60C79 /* SignUpViewController.swift */ = {isa = PBXFileReference; lastKnownFileType = sourcecode.swift; path = SignUpViewController.swift; sourceTree = "<group>"; };
		F76BE7EA298E84BD006EE3B8 /* ProfileViewController.swift */ = {isa = PBXFileReference; lastKnownFileType = sourcecode.swift; path = ProfileViewController.swift; sourceTree = "<group>"; };
		F76BE7EC298E84E1006EE3B8 /* BreakingNewsDetailViewController.swift */ = {isa = PBXFileReference; lastKnownFileType = sourcecode.swift; path = BreakingNewsDetailViewController.swift; sourceTree = "<group>"; };
		F78495FC2992179D009C06A3 /* Constant.swift */ = {isa = PBXFileReference; lastKnownFileType = sourcecode.swift; path = Constant.swift; sourceTree = "<group>"; };
		F7BE87712992B6FC00722FED /* BookmarkTableViewCell.swift */ = {isa = PBXFileReference; lastKnownFileType = sourcecode.swift; path = BookmarkTableViewCell.swift; sourceTree = "<group>"; };
		F7BE87722992B6FC00722FED /* BookmarkTableViewCell.xib */ = {isa = PBXFileReference; lastKnownFileType = file.xib; path = BookmarkTableViewCell.xib; sourceTree = "<group>"; };
		F7BE87772992BAAE00722FED /* BookmarkViewController.swift */ = {isa = PBXFileReference; lastKnownFileType = sourcecode.swift; path = BookmarkViewController.swift; sourceTree = "<group>"; };
		F7E8A0592993574400A9E0C7 /* BookmarkNews.swift */ = {isa = PBXFileReference; fileEncoding = 4; lastKnownFileType = sourcecode.swift; name = BookmarkNews.swift; path = News/Model/BookmarkNews.swift; sourceTree = SOURCE_ROOT; };
		F7FFCB52298E058E00FF5FAF /* SearchViewController.swift */ = {isa = PBXFileReference; lastKnownFileType = sourcecode.swift; path = SearchViewController.swift; sourceTree = "<group>"; };
		F7FFCB54298E097B00FF5FAF /* EverythingNewsService.swift */ = {isa = PBXFileReference; lastKnownFileType = sourcecode.swift; path = EverythingNewsService.swift; sourceTree = "<group>"; };
		F7FFCB56298E09EE00FF5FAF /* EverythingNews.swift */ = {isa = PBXFileReference; lastKnownFileType = sourcecode.swift; path = EverythingNews.swift; sourceTree = "<group>"; };
		F7FFCB58298E0C7F00FF5FAF /* EverythingNewsTableViewCell.swift */ = {isa = PBXFileReference; lastKnownFileType = sourcecode.swift; path = EverythingNewsTableViewCell.swift; sourceTree = "<group>"; };
		F7FFCB59298E0C7F00FF5FAF /* EverythingNewsTableViewCell.xib */ = {isa = PBXFileReference; lastKnownFileType = file.xib; path = EverythingNewsTableViewCell.xib; sourceTree = "<group>"; };
/* End PBXFileReference section */

/* Begin PBXFrameworksBuildPhase section */
		F74D40D7298B567700ECBF41 /* Frameworks */ = {
			isa = PBXFrameworksBuildPhase;
			buildActionMask = 2147483647;
			files = (
				FD1561C7DD9376D25F10B568 /* Pods_News.framework in Frameworks */,
			);
			runOnlyForDeploymentPostprocessing = 0;
		};
/* End PBXFrameworksBuildPhase section */

/* Begin PBXGroup section */
		D30830B0AA85747AFB76F847 /* Pods */ = {
			isa = PBXGroup;
			children = (
				154B271EA6236003FA8F8FA1 /* Pods-News.debug.xcconfig */,
				EF4A7BA18DFFAF6419E8DAF2 /* Pods-News.release.xcconfig */,
			);
			path = Pods;
			sourceTree = "<group>";
		};
		D98DB6A5387037C065F8B520 /* Frameworks */ = {
			isa = PBXGroup;
			children = (
				22D07B9A7E8807ACD3DEF968 /* Pods_News.framework */,
			);
			name = Frameworks;
			sourceTree = "<group>";
		};
		F733F483298BD5AE00F18B69 /* Controller */ = {
			isa = PBXGroup;
			children = (
				F74D40E1298B567700ECBF41 /* HomeViewController.swift */,
				F7FFCB52298E058E00FF5FAF /* SearchViewController.swift */,
				F76BE7EA298E84BD006EE3B8 /* ProfileViewController.swift */,
				F76BE7EC298E84E1006EE3B8 /* BreakingNewsDetailViewController.swift */,
				F70F5116298F7C4F00485CC6 /* CategoryNewsDetailViewController.swift */,
				F70F5118298F7C8A00485CC6 /* EverythingNewsDetailViewController.swift */,
				F764F7F52990DC1500B60C79 /* SignInViewController.swift */,
				F764F7F72990DC2800B60C79 /* SignUpViewController.swift */,
				F7BE87772992BAAE00722FED /* BookmarkViewController.swift */,
			);
			path = Controller;
			sourceTree = "<group>";
		};
		F733F484298BD5BF00F18B69 /* View */ = {
			isa = PBXGroup;
			children = (
				F75E4A91298BE8B0000DC7E6 /* SMTabbar.swift */,
				F74D40E3298B567700ECBF41 /* Main.storyboard */,
				F73A541A298B759F00872AF1 /* BreakingNewsCollectionViewCell.xib */,
				F73A5418298B72CC00872AF1 /* BreakingNewsCollectionViewCell.swift */,
				F7111E00298CC1FB0025CDAB /* CategoryNewsTableViewCell.swift */,
				F7111E01298CC1FB0025CDAB /* CategoryNewsTableViewCell.xib */,
				F7FFCB58298E0C7F00FF5FAF /* EverythingNewsTableViewCell.swift */,
				F7FFCB59298E0C7F00FF5FAF /* EverythingNewsTableViewCell.xib */,
				F7BE87712992B6FC00722FED /* BookmarkTableViewCell.swift */,
				F7BE87722992B6FC00722FED /* BookmarkTableViewCell.xib */,
			);
			path = View;
			sourceTree = "<group>";
		};
		F733F485298BD5D500F18B69 /* Model */ = {
			isa = PBXGroup;
			children = (
				F75E4A8D298BD9D0000DC7E6 /* BreakingNews.swift */,
				F7111E04298CCB170025CDAB /* CategoryNews.swift */,
				F7FFCB56298E09EE00FF5FAF /* EverythingNews.swift */,
				F7E8A0592993574400A9E0C7 /* BookmarkNews.swift */,
			);
			path = Model;
			sourceTree = "<group>";
		};
		F733F486298BD63700F18B69 /* Network Manager */ = {
			isa = PBXGroup;
			children = (
				F75E4A8F298BDAA0000DC7E6 /* NewsService.swift */,
				F7111E06298CCB590025CDAB /* CategoryNewsService.swift */,
				F7FFCB54298E097B00FF5FAF /* EverythingNewsService.swift */,
			);
			path = "Network Manager";
			sourceTree = "<group>";
		};
		F74D40D1298B567700ECBF41 = {
			isa = PBXGroup;
			children = (
				F74D40DC298B567700ECBF41 /* News */,
				F74D40DB298B567700ECBF41 /* Products */,
				D30830B0AA85747AFB76F847 /* Pods */,
				D98DB6A5387037C065F8B520 /* Frameworks */,
			);
			sourceTree = "<group>";
		};
		F74D40DB298B567700ECBF41 /* Products */ = {
			isa = PBXGroup;
			children = (
				F74D40DA298B567700ECBF41 /* News.app */,
			);
			name = Products;
			sourceTree = "<group>";
		};
		F74D40DC298B567700ECBF41 /* News */ = {
			isa = PBXGroup;
			children = (
				F74D40DD298B567700ECBF41 /* AppDelegate.swift */,
				F74D40DF298B567700ECBF41 /* SceneDelegate.swift */,
				F733F485298BD5D500F18B69 /* Model */,
				F733F484298BD5BF00F18B69 /* View */,
				F733F483298BD5AE00F18B69 /* Controller */,
				F733F486298BD63700F18B69 /* Network Manager */,
				F74D40E6298B567800ECBF41 /* Assets.xcassets */,
				F74D40E8298B567800ECBF41 /* LaunchScreen.storyboard */,
				F74D40EB298B567800ECBF41 /* Info.plist */,
				F74C504A29914C5D0032569E /* GoogleService-Info.plist */,
				F78495FC2992179D009C06A3 /* Constant.swift */,
			);
			path = News;
			sourceTree = "<group>";
		};
/* End PBXGroup section */

/* Begin PBXNativeTarget section */
		F74D40D9298B567700ECBF41 /* News */ = {
			isa = PBXNativeTarget;
			buildConfigurationList = F74D40EE298B567800ECBF41 /* Build configuration list for PBXNativeTarget "News" */;
			buildPhases = (
				AF98CE154E22C037C6513359 /* [CP] Check Pods Manifest.lock */,
				F74D40D6298B567700ECBF41 /* Sources */,
				F74D40D7298B567700ECBF41 /* Frameworks */,
				F74D40D8298B567700ECBF41 /* Resources */,
				7057EC1016FAE8949579C702 /* [CP] Embed Pods Frameworks */,
			);
			buildRules = (
			);
			dependencies = (
			);
			name = News;
			productName = News;
			productReference = F74D40DA298B567700ECBF41 /* News.app */;
			productType = "com.apple.product-type.application";
		};
/* End PBXNativeTarget section */

/* Begin PBXProject section */
		F74D40D2298B567700ECBF41 /* Project object */ = {
			isa = PBXProject;
			attributes = {
				BuildIndependentTargetsInParallel = 1;
				LastSwiftUpdateCheck = 1400;
				LastUpgradeCheck = 1400;
				TargetAttributes = {
					F74D40D9298B567700ECBF41 = {
						CreatedOnToolsVersion = 14.0;
					};
				};
			};
			buildConfigurationList = F74D40D5298B567700ECBF41 /* Build configuration list for PBXProject "News" */;
			compatibilityVersion = "Xcode 14.0";
			developmentRegion = en;
			hasScannedForEncodings = 0;
			knownRegions = (
				en,
				Base,
			);
			mainGroup = F74D40D1298B567700ECBF41;
			productRefGroup = F74D40DB298B567700ECBF41 /* Products */;
			projectDirPath = "";
			projectRoot = "";
			targets = (
				F74D40D9298B567700ECBF41 /* News */,
			);
		};
/* End PBXProject section */

/* Begin PBXResourcesBuildPhase section */
		F74D40D8298B567700ECBF41 /* Resources */ = {
			isa = PBXResourcesBuildPhase;
			buildActionMask = 2147483647;
			files = (
				F74D40EA298B567800ECBF41 /* LaunchScreen.storyboard in Resources */,
				F74D40E7298B567800ECBF41 /* Assets.xcassets in Resources */,
				F73A541B298B75A000872AF1 /* BreakingNewsCollectionViewCell.xib in Resources */,
				F7BE87742992B6FC00722FED /* BookmarkTableViewCell.xib in Resources */,
				F7FFCB5B298E0C7F00FF5FAF /* EverythingNewsTableViewCell.xib in Resources */,
				F7111E03298CC1FB0025CDAB /* CategoryNewsTableViewCell.xib in Resources */,
				F74D40E5298B567700ECBF41 /* Main.storyboard in Resources */,
				F74C504B29914C5D0032569E /* GoogleService-Info.plist in Resources */,
			);
			runOnlyForDeploymentPostprocessing = 0;
		};
/* End PBXResourcesBuildPhase section */

/* Begin PBXShellScriptBuildPhase section */
		7057EC1016FAE8949579C702 /* [CP] Embed Pods Frameworks */ = {
			isa = PBXShellScriptBuildPhase;
			buildActionMask = 2147483647;
			files = (
			);
			inputFileListPaths = (
				"${PODS_ROOT}/Target Support Files/Pods-News/Pods-News-frameworks-${CONFIGURATION}-input-files.xcfilelist",
			);
			name = "[CP] Embed Pods Frameworks";
			outputFileListPaths = (
				"${PODS_ROOT}/Target Support Files/Pods-News/Pods-News-frameworks-${CONFIGURATION}-output-files.xcfilelist",
			);
			runOnlyForDeploymentPostprocessing = 0;
			shellPath = /bin/sh;
			shellScript = "\"${PODS_ROOT}/Target Support Files/Pods-News/Pods-News-frameworks.sh\"\n";
			showEnvVarsInLog = 0;
		};
		AF98CE154E22C037C6513359 /* [CP] Check Pods Manifest.lock */ = {
			isa = PBXShellScriptBuildPhase;
			buildActionMask = 2147483647;
			files = (
			);
			inputFileListPaths = (
			);
			inputPaths = (
				"${PODS_PODFILE_DIR_PATH}/Podfile.lock",
				"${PODS_ROOT}/Manifest.lock",
			);
			name = "[CP] Check Pods Manifest.lock";
			outputFileListPaths = (
			);
			outputPaths = (
				"$(DERIVED_FILE_DIR)/Pods-News-checkManifestLockResult.txt",
			);
			runOnlyForDeploymentPostprocessing = 0;
			shellPath = /bin/sh;
			shellScript = "diff \"${PODS_PODFILE_DIR_PATH}/Podfile.lock\" \"${PODS_ROOT}/Manifest.lock\" > /dev/null\nif [ $? != 0 ] ; then\n    # print error to STDERR\n    echo \"error: The sandbox is not in sync with the Podfile.lock. Run 'pod install' or update your CocoaPods installation.\" >&2\n    exit 1\nfi\n# This output is used by Xcode 'outputs' to avoid re-running this script phase.\necho \"SUCCESS\" > \"${SCRIPT_OUTPUT_FILE_0}\"\n";
			showEnvVarsInLog = 0;
		};
/* End PBXShellScriptBuildPhase section */

/* Begin PBXSourcesBuildPhase section */
		F74D40D6298B567700ECBF41 /* Sources */ = {
			isa = PBXSourcesBuildPhase;
			buildActionMask = 2147483647;
			files = (
				F7111E02298CC1FB0025CDAB /* CategoryNewsTableViewCell.swift in Sources */,
				F70F5119298F7C8A00485CC6 /* EverythingNewsDetailViewController.swift in Sources */,
				F7FFCB5A298E0C7F00FF5FAF /* EverythingNewsTableViewCell.swift in Sources */,
				F7FFCB55298E097B00FF5FAF /* EverythingNewsService.swift in Sources */,
				F7BE87782992BAAE00722FED /* BookmarkViewController.swift in Sources */,
				F764F7F62990DC1500B60C79 /* SignInViewController.swift in Sources */,
				F7FFCB53298E058E00FF5FAF /* SearchViewController.swift in Sources */,
				F75E4A90298BDAA0000DC7E6 /* NewsService.swift in Sources */,
				F7E8A05A2993574400A9E0C7 /* BookmarkNews.swift in Sources */,
				F74D40E2298B567700ECBF41 /* HomeViewController.swift in Sources */,
				F74D40DE298B567700ECBF41 /* AppDelegate.swift in Sources */,
				F7111E05298CCB170025CDAB /* CategoryNews.swift in Sources */,
				F76BE7ED298E84E1006EE3B8 /* BreakingNewsDetailViewController.swift in Sources */,
				F70F5117298F7C4F00485CC6 /* CategoryNewsDetailViewController.swift in Sources */,
				F73A5419298B72CC00872AF1 /* BreakingNewsCollectionViewCell.swift in Sources */,
				F75E4A8E298BD9D0000DC7E6 /* BreakingNews.swift in Sources */,
				F78495FD2992179D009C06A3 /* Constant.swift in Sources */,
				F7BE87732992B6FC00722FED /* BookmarkTableViewCell.swift in Sources */,
				F764F7F82990DC2800B60C79 /* SignUpViewController.swift in Sources */,
				F74D40E0298B567700ECBF41 /* SceneDelegate.swift in Sources */,
				F7111E07298CCB590025CDAB /* CategoryNewsService.swift in Sources */,
				F76BE7EB298E84BD006EE3B8 /* ProfileViewController.swift in Sources */,
				F75E4A92298BE8B0000DC7E6 /* SMTabbar.swift in Sources */,
				F7FFCB57298E09EE00FF5FAF /* EverythingNews.swift in Sources */,
			);
			runOnlyForDeploymentPostprocessing = 0;
		};
/* End PBXSourcesBuildPhase section */

/* Begin PBXVariantGroup section */
		F74D40E3298B567700ECBF41 /* Main.storyboard */ = {
			isa = PBXVariantGroup;
			children = (
				F74D40E4298B567700ECBF41 /* Base */,
			);
			name = Main.storyboard;
			sourceTree = "<group>";
		};
		F74D40E8298B567800ECBF41 /* LaunchScreen.storyboard */ = {
			isa = PBXVariantGroup;
			children = (
				F74D40E9298B567800ECBF41 /* Base */,
			);
			name = LaunchScreen.storyboard;
			sourceTree = "<group>";
		};
/* End PBXVariantGroup section */

/* Begin XCBuildConfiguration section */
		F74D40EC298B567800ECBF41 /* Debug */ = {
			isa = XCBuildConfiguration;
			buildSettings = {
				ALWAYS_SEARCH_USER_PATHS = NO;
				CLANG_ANALYZER_NONNULL = YES;
				CLANG_ANALYZER_NUMBER_OBJECT_CONVERSION = YES_AGGRESSIVE;
				CLANG_CXX_LANGUAGE_STANDARD = "gnu++20";
				CLANG_ENABLE_MODULES = YES;
				CLANG_ENABLE_OBJC_ARC = YES;
				CLANG_ENABLE_OBJC_WEAK = YES;
				CLANG_WARN_BLOCK_CAPTURE_AUTORELEASING = YES;
				CLANG_WARN_BOOL_CONVERSION = YES;
				CLANG_WARN_COMMA = YES;
				CLANG_WARN_CONSTANT_CONVERSION = YES;
				CLANG_WARN_DEPRECATED_OBJC_IMPLEMENTATIONS = YES;
				CLANG_WARN_DIRECT_OBJC_ISA_USAGE = YES_ERROR;
				CLANG_WARN_DOCUMENTATION_COMMENTS = YES;
				CLANG_WARN_EMPTY_BODY = YES;
				CLANG_WARN_ENUM_CONVERSION = YES;
				CLANG_WARN_INFINITE_RECURSION = YES;
				CLANG_WARN_INT_CONVERSION = YES;
				CLANG_WARN_NON_LITERAL_NULL_CONVERSION = YES;
				CLANG_WARN_OBJC_IMPLICIT_RETAIN_SELF = YES;
				CLANG_WARN_OBJC_LITERAL_CONVERSION = YES;
				CLANG_WARN_OBJC_ROOT_CLASS = YES_ERROR;
				CLANG_WARN_QUOTED_INCLUDE_IN_FRAMEWORK_HEADER = YES;
				CLANG_WARN_RANGE_LOOP_ANALYSIS = YES;
				CLANG_WARN_STRICT_PROTOTYPES = YES;
				CLANG_WARN_SUSPICIOUS_MOVE = YES;
				CLANG_WARN_UNGUARDED_AVAILABILITY = YES_AGGRESSIVE;
				CLANG_WARN_UNREACHABLE_CODE = YES;
				CLANG_WARN__DUPLICATE_METHOD_MATCH = YES;
				COPY_PHASE_STRIP = NO;
				DEBUG_INFORMATION_FORMAT = dwarf;
				ENABLE_STRICT_OBJC_MSGSEND = YES;
				ENABLE_TESTABILITY = YES;
				GCC_C_LANGUAGE_STANDARD = gnu11;
				GCC_DYNAMIC_NO_PIC = NO;
				GCC_NO_COMMON_BLOCKS = YES;
				GCC_OPTIMIZATION_LEVEL = 0;
				GCC_PREPROCESSOR_DEFINITIONS = (
					"DEBUG=1",
					"$(inherited)",
				);
				GCC_WARN_64_TO_32_BIT_CONVERSION = YES;
				GCC_WARN_ABOUT_RETURN_TYPE = YES_ERROR;
				GCC_WARN_UNDECLARED_SELECTOR = YES;
				GCC_WARN_UNINITIALIZED_AUTOS = YES_AGGRESSIVE;
				GCC_WARN_UNUSED_FUNCTION = YES;
				GCC_WARN_UNUSED_VARIABLE = YES;
				IPHONEOS_DEPLOYMENT_TARGET = 13.0;
				MTL_ENABLE_DEBUG_INFO = INCLUDE_SOURCE;
				MTL_FAST_MATH = YES;
				ONLY_ACTIVE_ARCH = YES;
				SDKROOT = iphoneos;
				SWIFT_ACTIVE_COMPILATION_CONDITIONS = DEBUG;
				SWIFT_OPTIMIZATION_LEVEL = "-Onone";
			};
			name = Debug;
		};
		F74D40ED298B567800ECBF41 /* Release */ = {
			isa = XCBuildConfiguration;
			buildSettings = {
				ALWAYS_SEARCH_USER_PATHS = NO;
				CLANG_ANALYZER_NONNULL = YES;
				CLANG_ANALYZER_NUMBER_OBJECT_CONVERSION = YES_AGGRESSIVE;
				CLANG_CXX_LANGUAGE_STANDARD = "gnu++20";
				CLANG_ENABLE_MODULES = YES;
				CLANG_ENABLE_OBJC_ARC = YES;
				CLANG_ENABLE_OBJC_WEAK = YES;
				CLANG_WARN_BLOCK_CAPTURE_AUTORELEASING = YES;
				CLANG_WARN_BOOL_CONVERSION = YES;
				CLANG_WARN_COMMA = YES;
				CLANG_WARN_CONSTANT_CONVERSION = YES;
				CLANG_WARN_DEPRECATED_OBJC_IMPLEMENTATIONS = YES;
				CLANG_WARN_DIRECT_OBJC_ISA_USAGE = YES_ERROR;
				CLANG_WARN_DOCUMENTATION_COMMENTS = YES;
				CLANG_WARN_EMPTY_BODY = YES;
				CLANG_WARN_ENUM_CONVERSION = YES;
				CLANG_WARN_INFINITE_RECURSION = YES;
				CLANG_WARN_INT_CONVERSION = YES;
				CLANG_WARN_NON_LITERAL_NULL_CONVERSION = YES;
				CLANG_WARN_OBJC_IMPLICIT_RETAIN_SELF = YES;
				CLANG_WARN_OBJC_LITERAL_CONVERSION = YES;
				CLANG_WARN_OBJC_ROOT_CLASS = YES_ERROR;
				CLANG_WARN_QUOTED_INCLUDE_IN_FRAMEWORK_HEADER = YES;
				CLANG_WARN_RANGE_LOOP_ANALYSIS = YES;
				CLANG_WARN_STRICT_PROTOTYPES = YES;
				CLANG_WARN_SUSPICIOUS_MOVE = YES;
				CLANG_WARN_UNGUARDED_AVAILABILITY = YES_AGGRESSIVE;
				CLANG_WARN_UNREACHABLE_CODE = YES;
				CLANG_WARN__DUPLICATE_METHOD_MATCH = YES;
				COPY_PHASE_STRIP = NO;
				DEBUG_INFORMATION_FORMAT = "dwarf-with-dsym";
				ENABLE_NS_ASSERTIONS = NO;
				ENABLE_STRICT_OBJC_MSGSEND = YES;
				GCC_C_LANGUAGE_STANDARD = gnu11;
				GCC_NO_COMMON_BLOCKS = YES;
				GCC_WARN_64_TO_32_BIT_CONVERSION = YES;
				GCC_WARN_ABOUT_RETURN_TYPE = YES_ERROR;
				GCC_WARN_UNDECLARED_SELECTOR = YES;
				GCC_WARN_UNINITIALIZED_AUTOS = YES_AGGRESSIVE;
				GCC_WARN_UNUSED_FUNCTION = YES;
				GCC_WARN_UNUSED_VARIABLE = YES;
				IPHONEOS_DEPLOYMENT_TARGET = 13.0;
				MTL_ENABLE_DEBUG_INFO = NO;
				MTL_FAST_MATH = YES;
				SDKROOT = iphoneos;
				SWIFT_COMPILATION_MODE = wholemodule;
				SWIFT_OPTIMIZATION_LEVEL = "-O";
				VALIDATE_PRODUCT = YES;
			};
			name = Release;
		};
		F74D40EF298B567800ECBF41 /* Debug */ = {
			isa = XCBuildConfiguration;
			baseConfigurationReference = 154B271EA6236003FA8F8FA1 /* Pods-News.debug.xcconfig */;
			buildSettings = {
				ASSETCATALOG_COMPILER_APPICON_NAME = AppIcon;
				ASSETCATALOG_COMPILER_GLOBAL_ACCENT_COLOR_NAME = AccentColor;
				CODE_SIGN_STYLE = Automatic;
				CURRENT_PROJECT_VERSION = 1;
				DEVELOPMENT_TEAM = 26823257QR;
				GENERATE_INFOPLIST_FILE = YES;
				INFOPLIST_FILE = News/Info.plist;
				INFOPLIST_KEY_UIApplicationSupportsIndirectInputEvents = YES;
				INFOPLIST_KEY_UILaunchStoryboardName = LaunchScreen;
				INFOPLIST_KEY_UIMainStoryboardFile = Main;
				INFOPLIST_KEY_UISupportedInterfaceOrientations_iPad = "UIInterfaceOrientationPortrait UIInterfaceOrientationPortraitUpsideDown UIInterfaceOrientationLandscapeLeft UIInterfaceOrientationLandscapeRight";
				INFOPLIST_KEY_UISupportedInterfaceOrientations_iPhone = "UIInterfaceOrientationPortrait UIInterfaceOrientationLandscapeLeft UIInterfaceOrientationLandscapeRight";
				IPHONEOS_DEPLOYMENT_TARGET = 13.0;
				LD_RUNPATH_SEARCH_PATHS = (
					"$(inherited)",
					"@executable_path/Frameworks",
				);
				MARKETING_VERSION = 1.0;
				PRODUCT_BUNDLE_IDENTIFIER = "com.kpe.news-ios";
				PRODUCT_NAME = "$(TARGET_NAME)";
				SWIFT_EMIT_LOC_STRINGS = YES;
				SWIFT_VERSION = 5.0;
				TARGETED_DEVICE_FAMILY = "1,2";
			};
			name = Debug;
		};
		F74D40F0298B567800ECBF41 /* Release */ = {
			isa = XCBuildConfiguration;
			baseConfigurationReference = EF4A7BA18DFFAF6419E8DAF2 /* Pods-News.release.xcconfig */;
			buildSettings = {
				ASSETCATALOG_COMPILER_APPICON_NAME = AppIcon;
				ASSETCATALOG_COMPILER_GLOBAL_ACCENT_COLOR_NAME = AccentColor;
				CODE_SIGN_STYLE = Automatic;
				CURRENT_PROJECT_VERSION = 1;
				DEVELOPMENT_TEAM = 26823257QR;
				GENERATE_INFOPLIST_FILE = YES;
				INFOPLIST_FILE = News/Info.plist;
				INFOPLIST_KEY_UIApplicationSupportsIndirectInputEvents = YES;
				INFOPLIST_KEY_UILaunchStoryboardName = LaunchScreen;
				INFOPLIST_KEY_UIMainStoryboardFile = Main;
				INFOPLIST_KEY_UISupportedInterfaceOrientations_iPad = "UIInterfaceOrientationPortrait UIInterfaceOrientationPortraitUpsideDown UIInterfaceOrientationLandscapeLeft UIInterfaceOrientationLandscapeRight";
				INFOPLIST_KEY_UISupportedInterfaceOrientations_iPhone = "UIInterfaceOrientationPortrait UIInterfaceOrientationLandscapeLeft UIInterfaceOrientationLandscapeRight";
				IPHONEOS_DEPLOYMENT_TARGET = 13.0;
				LD_RUNPATH_SEARCH_PATHS = (
					"$(inherited)",
					"@executable_path/Frameworks",
				);
				MARKETING_VERSION = 1.0;
				PRODUCT_BUNDLE_IDENTIFIER = "com.kpe.news-ios";
				PRODUCT_NAME = "$(TARGET_NAME)";
				SWIFT_EMIT_LOC_STRINGS = YES;
				SWIFT_VERSION = 5.0;
				TARGETED_DEVICE_FAMILY = "1,2";
			};
			name = Release;
		};
/* End XCBuildConfiguration section */

/* Begin XCConfigurationList section */
		F74D40D5298B567700ECBF41 /* Build configuration list for PBXProject "News" */ = {
			isa = XCConfigurationList;
			buildConfigurations = (
				F74D40EC298B567800ECBF41 /* Debug */,
				F74D40ED298B567800ECBF41 /* Release */,
			);
			defaultConfigurationIsVisible = 0;
			defaultConfigurationName = Release;
		};
		F74D40EE298B567800ECBF41 /* Build configuration list for PBXNativeTarget "News" */ = {
			isa = XCConfigurationList;
			buildConfigurations = (
				F74D40EF298B567800ECBF41 /* Debug */,
				F74D40F0298B567800ECBF41 /* Release */,
			);
			defaultConfigurationIsVisible = 0;
			defaultConfigurationName = Release;
		};
/* End XCConfigurationList section */
	};
	rootObject = F74D40D2298B567700ECBF41 /* Project object */;
}
